
Microsoft Visual Studio Solution File, Format Version 12.00
# Visual Studio Version 17
VisualStudioVersion = 17.13.35828.75
MinimumVisualStudioVersion = 10.0.40219.1
Project("{FAE04EC0-301F-11D3-BF4B-00C04F79EFBC}") = "CRM.API", "CRM.API\CRM.API.csproj", "{C5BC92BD-692D-4045-B07C-D50EE7C0532D}"
EndProject
Project("{FAE04EC0-301F-11D3-BF4B-00C04F79EFBC}") = "CRM.Domain", "CRM.Domain\CRM.Domain.csproj", "{B2E53284-47BE-4E48-B696-421B4BCF8EF9}"
EndProject
Project("{FAE04EC0-301F-11D3-BF4B-00C04F79EFBC}") = "CRM.Application", "CRM.Application\CRM.Application.csproj", "{8E5D9A83-1636-4847-8365-CC0657AC4D44}"
EndProject
Project("{FAE04EC0-301F-11D3-BF4B-00C04F79EFBC}") = "CRM.Infrastructure", "CRM.Infrastructure\CRM.Infrastructure.csproj", "{E5CB9337-9A87-4500-9739-94F60453D379}"
EndProject
Project("{FAE04EC0-301F-11D3-BF4B-00C04F79EFBC}") = "CRM.Core", "CRM.Core\CRM.Core.csproj", "{D92B9A64-3B32-4112-9184-8261912840EA}"
EndProject
Project("{FAE04EC0-301F-11D3-BF4B-00C04F79EFBC}") = "CRM.Tests", "CRM.Tests\CRM.Tests.csproj", "{8B2B8557-8FD1-4DCE-A544-429619151A0C}"
EndProject
Global
	GlobalSection(SolutionConfigurationPlatforms) = preSolution
		Debug|Any CPU = Debug|Any CPU
		Release|Any CPU = Release|Any CPU
	EndGlobalSection
	GlobalSection(ProjectConfigurationPlatforms) = postSolution
		{C5BC92BD-692D-4045-B07C-D50EE7C0532D}.Debug|Any CPU.ActiveCfg = Debug|Any CPU
		{C5BC92BD-692D-4045-B07C-D50EE7C0532D}.Debug|Any CPU.Build.0 = Debug|Any CPU
		{C5BC92BD-692D-4045-B07C-D50EE7C0532D}.Release|Any CPU.ActiveCfg = Release|Any CPU
		{C5BC92BD-692D-4045-B07C-D50EE7C0532D}.Release|Any CPU.Build.0 = Release|Any CPU
		{B2E53284-47BE-4E48-B696-421B4BCF8EF9}.Debug|Any CPU.ActiveCfg = Debug|Any CPU
		{B2E53284-47BE-4E48-B696-421B4BCF8EF9}.Debug|Any CPU.Build.0 = Debug|Any CPU
		{B2E53284-47BE-4E48-B696-421B4BCF8EF9}.Release|Any CPU.ActiveCfg = Release|Any CPU
		{B2E53284-47BE-4E48-B696-421B4BCF8EF9}.Release|Any CPU.Build.0 = Release|Any CPU
		{8E5D9A83-1636-4847-8365-CC0657AC4D44}.Debug|Any CPU.ActiveCfg = Debug|Any CPU
		{8E5D9A83-1636-4847-8365-CC0657AC4D44}.Debug|Any CPU.Build.0 = Debug|Any CPU
		{8E5D9A83-1636-4847-8365-CC0657AC4D44}.Release|Any CPU.ActiveCfg = Release|Any CPU
		{8E5D9A83-1636-4847-8365-CC0657AC4D44}.Release|Any CPU.Build.0 = Release|Any CPU
		{E5CB9337-9A87-4500-9739-94F60453D379}.Debug|Any CPU.ActiveCfg = Debug|Any CPU
		{E5CB9337-9A87-4500-9739-94F60453D379}.Debug|Any CPU.Build.0 = Debug|Any CPU
		{E5CB9337-9A87-4500-9739-94F60453D379}.Release|Any CPU.ActiveCfg = Release|Any CPU
		{E5CB9337-9A87-4500-9739-94F60453D379}.Release|Any CPU.Build.0 = Release|Any CPU
		{D92B9A64-3B32-4112-9184-8261912840EA}.Debug|Any CPU.ActiveCfg = Debug|Any CPU
		{D92B9A64-3B32-4112-9184-8261912840EA}.Debug|Any CPU.Build.0 = Debug|Any CPU
		{D92B9A64-3B32-4112-9184-8261912840EA}.Release|Any CPU.ActiveCfg = Release|Any CPU
		{D92B9A64-3B32-4112-9184-8261912840EA}.Release|Any CPU.Build.0 = Release|Any CPU
		{8B2B8557-8FD1-4DCE-A544-429619151A0C}.Debug|Any CPU.ActiveCfg = Debug|Any CPU
		{8B2B8557-8FD1-4DCE-A544-429619151A0C}.Debug|Any CPU.Build.0 = Debug|Any CPU
		{8B2B8557-8FD1-4DCE-A544-429619151A0C}.Release|Any CPU.ActiveCfg = Release|Any CPU
		{8B2B8557-8FD1-4DCE-A544-429619151A0C}.Release|Any CPU.Build.0 = Release|Any CPU
	EndGlobalSection
	GlobalSection(SolutionProperties) = preSolution
		HideSolutionNode = FALSE
	EndGlobalSection
	GlobalSection(ExtensibilityGlobals) = postSolution
		SolutionGuid = {084A078E-5EF9-4618-90F8-F1EB98759B5D}
	EndGlobalSection
EndGlobal
